Microsoft Visual Studio Solution File, Format Version 12.00
# Visual Studio Version 17
VisualStudioVersion = 17.12.35527.113 d17.12
MinimumVisualStudioVersion = 10.0.40219.1
Project("{9A19103F-16F7-4668-BE54-9A1E7A4F7556}") = "7t2", "7t2\7t2.csproj", "{AE785BD2-77CF-4CE9-A262-E8356D1ACB66}"
EndProject
Project("{9A19103F-16F7-4668-BE54-9A1E7A4F7556}") = "7t2.Tests", "7t2.Tests\7t2.Tests.csproj", "{B1D1CFE7-42B4-4997-9FC4-C2D4D2A68B99}"
EndProject
Global
	GlobalSection(SolutionConfigurationPlatforms) = preSolution
		Debug|Any CPU = Debug|Any CPU
		Release|Any CPU = Release|Any CPU
	EndGlobalSection
	GlobalSection(ProjectConfigurationPlatforms) = postSolution
		{AE785BD2-77CF-4CE9-A262-E8356D1ACB66}.Debug|Any CPU.ActiveCfg = Debug|Any CPU
		{AE785BD2-77CF-4CE9-A262-E8356D1ACB66}.Debug|Any CPU.Build.0 = Debug|Any CPU
		{AE785BD2-77CF-4CE9-A262-E8356D1ACB66}.Release|Any CPU.ActiveCfg = Release|Any CPU
		{AE785BD2-77CF-4CE9-A262-E8356D1ACB66}.Release|Any CPU.Build.0 = Release|Any CPU
		{B1D1CFE7-42B4-4997-9FC4-C2D4D2A68B99}.Debug|Any CPU.ActiveCfg = Debug|Any CPU
		{B1D1CFE7-42B4-4997-9FC4-C2D4D2A68B99}.Debug|Any CPU.Build.0 = Debug|Any CPU
		{B1D1CFE7-42B4-4997-9FC4-C2D4D2A68B99}.Release|Any CPU.ActiveCfg = Release|Any CPU
		{B1D1CFE7-42B4-4997-9FC4-C2D4D2A68B99}.Release|Any CPU.Build.0 = Release|Any CPU
	EndGlobalSection
	GlobalSection(SolutionProperties) = preSolution
		HideSolutionNode = FALSE
	EndGlobalSection
EndGlobal
